{
    "_readme": [
        "This file locks the dependencies of your project to a known state",
        "Read more about it at https://getcomposer.org/doc/01-basic-usage.md#installing-dependencies",
        "This file is @generated automatically"
    ],
    "content-hash": "688c9d68713469b79bad93e1115c1320",
    "packages": [
        {
            "name": "ryangjchandler/lexical",
            "version": "v1.0.1",
            "source": {
                "type": "git",
                "url": "https://github.com/ryangjchandler/lexical.git",
                "reference": "3d6ef0f76b6c046bf43b295558d635c1cb40c524"
            },
            "dist": {
                "type": "zip",
                "url": "https://api.github.com/repos/ryangjchandler/lexical/zipball/3d6ef0f76b6c046bf43b295558d635c1cb40c524",
                "reference": "3d6ef0f76b6c046bf43b295558d635c1cb40c524",
                "shasum": ""
            },
            "require": {
                "php": "^8.3"
            },
            "require-dev": {
                "laravel/pint": "^1.2",
                "pestphp/pest": "^1.20",
                "spatie/ray": "^1.28"
            },
            "type": "library",
            "autoload": {
                "psr-4": {
                    "RyanChandler\\Lexical\\": "src"
                }
            },
            "notification-url": "https://packagist.org/downloads/",
            "license": [
                "MIT"
            ],
            "authors": [
                {
                    "name": "Ryan Chandler",
                    "email": "support@ryangjchandler.co.uk",
                    "role": "Developer"
                }
            ],
            "description": "Attribute-driven tokenisation for PHP.",
            "homepage": "https://github.com/ryangjchandler/lexical",
            "keywords": [
                "lexical",
                "ryangjchandler"
            ],
            "support": {
                "issues": "https://github.com/ryangjchandler/lexical/issues",
                "source": "https://github.com/ryangjchandler/lexical/tree/v1.0.1"
            },
            "funding": [
                {
                    "url": "https://github.com/ryangjchandler",
                    "type": "github"
                }
            ],
            "time": "2025-01-21T00:52:02+00:00"
        }
    ],
    "packages-dev": [],
    "aliases": [],
    "minimum-stability": "stable",
    "stability-flags": {},
    "prefer-stable": false,
    "prefer-lowest": false,
    "platform": {},
    "platform-dev": {},
    "plugin-api-version": "2.6.0"
}
